// !$*UTF8*$!
{
	archiveVersion = 1;
	classes = {
	};
	objectVersion = 46;
	objects = {

/* Begin PBXBuildFile section */
		8A4136CA1BA7B2AE0006AAA5 /* YLTopic.m in Sources */ = {isa = PBXBuildFile; fileRef = 8A4136C91BA7B2AE0006AAA5 /* YLTopic.m */; };
		8A4136CC1BA7B5820006AAA5 /* Foundation+Log.m in Sources */ = {isa = PBXBuildFile; fileRef = 8A4136CB1BA7B5820006AAA5 /* Foundation+Log.m */; };
		8A4136D01BA7C4960006AAA5 /* YLTopicCell.m in Sources */ = {isa = PBXBuildFile; fileRef = 8A4136CE1BA7C4960006AAA5 /* YLTopicCell.m */; };
		8A4136D11BA7C4960006AAA5 /* YLTopicCell.xib in Resources */ = {isa = PBXBuildFile; fileRef = 8A4136CF1BA7C4960006AAA5 /* YLTopicCell.xib */; };
		8A50532C1B974D61006AC6AF /* YLFriendTrendsViewController.xib in Resources */ = {isa = PBXBuildFile; fileRef = 8A50532B1B974D61006AC6AF /* YLFriendTrendsViewController.xib */; };
		8A5053301B9756D6006AC6AF /* YLLoginRegisterViewController.m in Sources */ = {isa = PBXBuildFile; fileRef = 8A50532E1B9756D6006AC6AF /* YLLoginRegisterViewController.m */; };
		8A5053311B9756D6006AC6AF /* YLLoginRegisterViewController.xib in Resources */ = {isa = PBXBuildFile; fileRef = 8A50532F1B9756D6006AC6AF /* YLLoginRegisterViewController.xib */; };
		8A5754FE1B9816E100F6F98D /* YLQuickLoginButton.m in Sources */ = {isa = PBXBuildFile; fileRef = 8A5754FD1B9816E100F6F98D /* YLQuickLoginButton.m */; };
		8A5755041B984D9C00F6F98D /* YLLoginRegisterTextField.m in Sources */ = {isa = PBXBuildFile; fileRef = 8A5755031B984D9C00F6F98D /* YLLoginRegisterTextField.m */; };
		8A5755391B997FA900F6F98D /* YLGuideView.m in Sources */ = {isa = PBXBuildFile; fileRef = 8A5755381B997FA900F6F98D /* YLGuideView.m */; };
		8A57553B1B997FC300F6F98D /* YLGuideView.xib in Resources */ = {isa = PBXBuildFile; fileRef = 8A57553A1B997FC300F6F98D /* YLGuideView.xib */; };
		8A7BC6671B9FF0E900C455C7 /* YLPublicViewController.xib in Resources */ = {isa = PBXBuildFile; fileRef = 8A7BC6651B9FF0E900C455C7 /* YLPublicViewController.xib */; };
		8A7BC66A1BA04B7A00C455C7 /* YLPublicButton.m in Sources */ = {isa = PBXBuildFile; fileRef = 8A7BC6691BA04B7A00C455C7 /* YLPublicButton.m */; };
		8A7BC66D1BA08C6600C455C7 /* YLPostWordViewController.m in Sources */ = {isa = PBXBuildFile; fileRef = 8A7BC66C1BA08C6600C455C7 /* YLPostWordViewController.m */; };
		8A7BC6701BA127E800C455C7 /* YLPlaceholderTextView.m in Sources */ = {isa = PBXBuildFile; fileRef = 8A7BC66F1BA127E800C455C7 /* YLPlaceholderTextView.m */; };
		8A7BC6B31BA1AC1100C455C7 /* YLAddTagToolBar.m in Sources */ = {isa = PBXBuildFile; fileRef = 8A7BC6B21BA1AC1100C455C7 /* YLAddTagToolBar.m */; };
		8A7BC6B71BA1AC7E00C455C7 /* YLAddTagToolBar.xib in Resources */ = {isa = PBXBuildFile; fileRef = 8A7BC6B61BA1AC7E00C455C7 /* YLAddTagToolBar.xib */; };
		8AB74F801B9551F900B5DAF1 /* Images.xcassets in Resources */ = {isa = PBXBuildFile; fileRef = 8AB74F7F1B9551F900B5DAF1 /* Images.xcassets */; };
		8AB74F8F1B9551F900B5DAF1 /* YL______Tests.m in Sources */ = {isa = PBXBuildFile; fileRef = 8AB74F8E1B9551F900B5DAF1 /* YL______Tests.m */; };
		8AB74FE61B96BA7200B5DAF1 /* YLEssenceViewController.m in Sources */ = {isa = PBXBuildFile; fileRef = 8AB74FBE1B96BA7200B5DAF1 /* YLEssenceViewController.m */; };
		8AB74FE71B96BA7200B5DAF1 /* YLTagViewControl.m in Sources */ = {isa = PBXBuildFile; fileRef = 8AB74FC01B96BA7200B5DAF1 /* YLTagViewControl.m */; };
		8AB74FE81B96BA7200B5DAF1 /* YLFriendTrendsViewController.m in Sources */ = {isa = PBXBuildFile; fileRef = 8AB74FC61B96BA7200B5DAF1 /* YLFriendTrendsViewController.m */; };
		8AB74FE91B96BA7200B5DAF1 /* YLMeViewController.m in Sources */ = {isa = PBXBuildFile; fileRef = 8AB74FCC1B96BA7200B5DAF1 /* YLMeViewController.m */; };
		8AB74FEA1B96BA7200B5DAF1 /* YLSettingViewControl.m in Sources */ = {isa = PBXBuildFile; fileRef = 8AB74FCE1B96BA7200B5DAF1 /* YLSettingViewControl.m */; };
		8AB74FEB1B96BA7200B5DAF1 /* YLNewViewController.m in Sources */ = {isa = PBXBuildFile; fileRef = 8AB74FD41B96BA7200B5DAF1 /* YLNewViewController.m */; };
		8AB74FEC1B96BA7200B5DAF1 /* AppDelegate.m in Sources */ = {isa = PBXBuildFile; fileRef = 8AB74FD91B96BA7200B5DAF1 /* AppDelegate.m */; };
		8AB74FED1B96BA7200B5DAF1 /* UIBarButtonItem+EXT.m in Sources */ = {isa = PBXBuildFile; fileRef = 8AB74FDC1B96BA7200B5DAF1 /* UIBarButtonItem+EXT.m */; };
		8AB74FEE1B96BA7200B5DAF1 /* YLTabBar.m in Sources */ = {isa = PBXBuildFile; fileRef = 8AB74FDF1B96BA7200B5DAF1 /* YLTabBar.m */; };
		8AB74FEF1B96BA7200B5DAF1 /* YLTabBarController.m in Sources */ = {isa = PBXBuildFile; fileRef = 8AB74FE11B96BA7200B5DAF1 /* YLTabBarController.m */; };
		8AB74FF01B96BA7200B5DAF1 /* main.m in Sources */ = {isa = PBXBuildFile; fileRef = 8AB74FE21B96BA7200B5DAF1 /* main.m */; };
		8AB74FF31B96BD0E00B5DAF1 /* YLNavigationControl.m in Sources */ = {isa = PBXBuildFile; fileRef = 8AB74FF21B96BD0E00B5DAF1 /* YLNavigationControl.m */; };
		8AC8D1121BA3CDA500FB8698 /* YLTagButton.m in Sources */ = {isa = PBXBuildFile; fileRef = 8AC8D1111BA3CDA500FB8698 /* YLTagButton.m */; };
		8AC8D1151BA53C4D00FB8698 /* YLTextField.m in Sources */ = {isa = PBXBuildFile; fileRef = 8AC8D1141BA53C4D00FB8698 /* YLTextField.m */; };
		8AC8D11A1BA5CABD00FB8698 /* YLTitleButton.m in Sources */ = {isa = PBXBuildFile; fileRef = 8AC8D1191BA5CABD00FB8698 /* YLTitleButton.m */; };
		8AC8D11D1BA69A4100FB8698 /* YLAllViewController.m in Sources */ = {isa = PBXBuildFile; fileRef = 8AC8D11C1BA69A4100FB8698 /* YLAllViewController.m */; };
		8AC8D1201BA69A5A00FB8698 /* YLVideoViewController.m in Sources */ = {isa = PBXBuildFile; fileRef = 8AC8D11F1BA69A5A00FB8698 /* YLVideoViewController.m */; };
		8AC8D1261BA69AC300FB8698 /* YLPictureViewController.m in Sources */ = {isa = PBXBuildFile; fileRef = 8AC8D1251BA69AC300FB8698 /* YLPictureViewController.m */; };
		8AC8D1291BA69AFD00FB8698 /* YLWordViewController.m in Sources */ = {isa = PBXBuildFile; fileRef = 8AC8D1281BA69AFD00FB8698 /* YLWordViewController.m */; };
		8AC8D12C1BA69B7100FB8698 /* YLVoiceViewController.m in Sources */ = {isa = PBXBuildFile; fileRef = 8AC8D12B1BA69B7100FB8698 /* YLVoiceViewController.m */; };
		8ACDFE071B9C4B3800A4991F /* UIView+YLFrame.m in Sources */ = {isa = PBXBuildFile; fileRef = 8ACDFE061B9C4B3800A4991F /* UIView+YLFrame.m */; };
		8ACDFE0A1B9C551300A4991F /* YLTagCell.m in Sources */ = {isa = PBXBuildFile; fileRef = 8ACDFE091B9C551300A4991F /* YLTagCell.m */; };
		8ACDFE0C1B9C553800A4991F /* YLTagCell.xib in Resources */ = {isa = PBXBuildFile; fileRef = 8ACDFE0B1B9C553800A4991F /* YLTagCell.xib */; };
		8ACDFE0F1B9C612900A4991F /* YLTag.m in Sources */ = {isa = PBXBuildFile; fileRef = 8ACDFE0E1B9C612900A4991F /* YLTag.m */; };
		8ACDFE141B9C860C00A4991F /* YLConst.m in Sources */ = {isa = PBXBuildFile; fileRef = 8ACDFE131B9C860C00A4991F /* YLConst.m */; };
		8ACDFE1A1B9CAF1200A4991F /* UIImage+YLEXT.m in Sources */ = {isa = PBXBuildFile; fileRef = 8ACDFE191B9CAF1200A4991F /* UIImage+YLEXT.m */; };
		8ACDFE1D1B9D651500A4991F /* UIImageView+YLEXT.m in Sources */ = {isa = PBXBuildFile; fileRef = 8ACDFE1C1B9D651500A4991F /* UIImageView+YLEXT.m */; };
		8ACDFE201B9D7C6F00A4991F /* NSString+YLEXT.m in Sources */ = {isa = PBXBuildFile; fileRef = 8ACDFE1F1B9D7C6F00A4991F /* NSString+YLEXT.m */; };
		8ACDFE231B9DB6B100A4991F /* YLMeCell.m in Sources */ = {isa = PBXBuildFile; fileRef = 8ACDFE221B9DB6B100A4991F /* YLMeCell.m */; };
		8ACDFE261B9DD13C00A4991F /* YLFooterView.m in Sources */ = {isa = PBXBuildFile; fileRef = 8ACDFE251B9DD13C00A4991F /* YLFooterView.m */; };
		8ACDFE291B9DD30E00A4991F /* YLSquare.m in Sources */ = {isa = PBXBuildFile; fileRef = 8ACDFE281B9DD30E00A4991F /* YLSquare.m */; };
		8ACDFE2C1B9DDAF800A4991F /* YLSquareBtn.m in Sources */ = {isa = PBXBuildFile; fileRef = 8ACDFE2B1B9DDAF800A4991F /* YLSquareBtn.m */; };
		8ACDFE3A1B9E850C00A4991F /* YLWebViewController.m in Sources */ = {isa = PBXBuildFile; fileRef = 8ACDFE381B9E850C00A4991F /* YLWebViewController.m */; };
		8ACDFE401B9EA3C800A4991F /* YLWebViewController.xib in Resources */ = {isa = PBXBuildFile; fileRef = 8ACDFE3F1B9EA3C800A4991F /* YLWebViewController.xib */; };
		8ACDFE461B9EB6D800A4991F /* YLClearCacheCell.m in Sources */ = {isa = PBXBuildFile; fileRef = 8ACDFE451B9EB6D800A4991F /* YLClearCacheCell.m */; };
		8ACDFE491B9ED89700A4991F /* YLThirdCell.m in Sources */ = {isa = PBXBuildFile; fileRef = 8ACDFE481B9ED89700A4991F /* YLThirdCell.m */; };
		8AE67D3B1BA2ECF100914E9F /* YLAddTagViewController.m in Sources */ = {isa = PBXBuildFile; fileRef = 8AE67D3A1BA2ECF100914E9F /* YLAddTagViewController.m */; };
		8AE67D3D1BA3071000914E9F /* YLPublicViewController.m in Sources */ = {isa = PBXBuildFile; fileRef = 8AE67D3C1BA3071000914E9F /* YLPublicViewController.m */; };
		8AE67D441BA31A4700914E9F /* UITextField+YLEXT.m in Sources */ = {isa = PBXBuildFile; fileRef = 8AE67D431BA31A4700914E9F /* UITextField+YLEXT.m */; };
		D6949AE653B9961C36CAAD4E /* libPods.a in Frameworks */ = {isa = PBXBuildFile; fileRef = C2D5D2D98613408B3F28AF2A /* libPods.a */; };
/* End PBXBuildFile section */

/* Begin PBXContainerItemProxy section */
		8AB74F891B9551F900B5DAF1 /* PBXContainerItemProxy */ = {
			isa = PBXContainerItemProxy;
			containerPortal = 8AB74F671B9551F900B5DAF1 /* Project object */;
			proxyType = 1;
			remoteGlobalIDString = 8AB74F6E1B9551F900B5DAF1;
			remoteInfo = "YL-百思不得姐";
		};
/* End PBXContainerItemProxy section */

/* Begin PBXFileReference section */
		1779C2041DD587699318D3EA /* Pods.debug.xcconfig */ = {isa = PBXFileReference; includeInIndex = 1; lastKnownFileType = text.xcconfig; name = Pods.debug.xcconfig; path = "Pods/Target Support Files/Pods/Pods.debug.xcconfig"; sourceTree = "<group>"; };
		8A4136C81BA7B2AE0006AAA5 /* YLTopic.h */ = {isa = PBXFileReference; fileEncoding = 4; lastKnownFileType = sourcecode.c.h; path = YLTopic.h; sourceTree = "<group>"; };
		8A4136C91BA7B2AE0006AAA5 /* YLTopic.m */ = {isa = PBXFileReference; fileEncoding = 4; lastKnownFileType = sourcecode.c.objc; path = YLTopic.m; sourceTree = "<group>"; };
		8A4136CB1BA7B5820006AAA5 /* Foundation+Log.m */ = {isa = PBXFileReference; fileEncoding = 4; lastKnownFileType = sourcecode.c.objc; path = "Foundation+Log.m"; sourceTree = "<group>"; };
		8A4136CD1BA7C4960006AAA5 /* YLTopicCell.h */ = {isa = PBXFileReference; fileEncoding = 4; lastKnownFileType = sourcecode.c.h; path = YLTopicCell.h; sourceTree = "<group>"; };
		8A4136CE1BA7C4960006AAA5 /* YLTopicCell.m */ = {isa = PBXFileReference; fileEncoding = 4; lastKnownFileType = sourcecode.c.objc; path = YLTopicCell.m; sourceTree = "<group>"; };
		8A4136CF1BA7C4960006AAA5 /* YLTopicCell.xib */ = {isa = PBXFileReference; fileEncoding = 4; lastKnownFileType = file.xib; path = YLTopicCell.xib; sourceTree = "<group>"; };
		8A50532B1B974D61006AC6AF /* YLFriendTrendsViewController.xib */ = {isa = PBXFileReference; fileEncoding = 4; lastKnownFileType = file.xib; path = YLFriendTrendsViewController.xib; sourceTree = "<group>"; };
		8A50532D1B9756D6006AC6AF /* YLLoginRegisterViewController.h */ = {isa = PBXFileReference; fileEncoding = 4; lastKnownFileType = sourcecode.c.h; path = YLLoginRegisterViewController.h; sourceTree = "<group>"; };
		8A50532E1B9756D6006AC6AF /* YLLoginRegisterViewController.m */ = {isa = PBXFileReference; fileEncoding = 4; lastKnownFileType = sourcecode.c.objc; path = YLLoginRegisterViewController.m; sourceTree = "<group>"; };
		8A50532F1B9756D6006AC6AF /* YLLoginRegisterViewController.xib */ = {isa = PBXFileReference; fileEncoding = 4; lastKnownFileType = file.xib; path = YLLoginRegisterViewController.xib; sourceTree = "<group>"; };
		8A5754FC1B9816E100F6F98D /* YLQuickLoginButton.h */ = {isa = PBXFileReference; fileEncoding = 4; lastKnownFileType = sourcecode.c.h; path = YLQuickLoginButton.h; sourceTree = "<group>"; };
		8A5754FD1B9816E100F6F98D /* YLQuickLoginButton.m */ = {isa = PBXFileReference; fileEncoding = 4; lastKnownFileType = sourcecode.c.objc; path = YLQuickLoginButton.m; sourceTree = "<group>"; };
		8A5755021B984D9C00F6F98D /* YLLoginRegisterTextField.h */ = {isa = PBXFileReference; fileEncoding = 4; lastKnownFileType = sourcecode.c.h; path = YLLoginRegisterTextField.h; sourceTree = "<group>"; };
		8A5755031B984D9C00F6F98D /* YLLoginRegisterTextField.m */ = {isa = PBXFileReference; fileEncoding = 4; lastKnownFileType = sourcecode.c.objc; path = YLLoginRegisterTextField.m; sourceTree = "<group>"; };
		8A5755371B997FA900F6F98D /* YLGuideView.h */ = {isa = PBXFileReference; fileEncoding = 4; lastKnownFileType = sourcecode.c.h; name = YLGuideView.h; path = "../../FriendTrends-关注/View/YLGuideView.h"; sourceTree = "<group>"; };
		8A5755381B997FA900F6F98D /* YLGuideView.m */ = {isa = PBXFileReference; fileEncoding = 4; lastKnownFileType = sourcecode.c.objc; name = YLGuideView.m; path = "../../FriendTrends-关注/View/YLGuideView.m"; sourceTree = "<group>"; };
		8A57553A1B997FC300F6F98D /* YLGuideView.xib */ = {isa = PBXFileReference; fileEncoding = 4; lastKnownFileType = file.xib; name = YLGuideView.xib; path = "../../FriendTrends-关注/View/YLGuideView.xib"; sourceTree = "<group>"; };
		8A7BC6631B9FF0E900C455C7 /* YLPublicViewController.h */ = {isa = PBXFileReference; fileEncoding = 4; lastKnownFileType = sourcecode.c.h; path = YLPublicViewController.h; sourceTree = "<group>"; };
		8A7BC6651B9FF0E900C455C7 /* YLPublicViewController.xib */ = {isa = PBXFileReference; fileEncoding = 4; lastKnownFileType = file.xib; path = YLPublicViewController.xib; sourceTree = "<group>"; };
		8A7BC6681BA04B7A00C455C7 /* YLPublicButton.h */ = {isa = PBXFileReference; fileEncoding = 4; lastKnownFileType = sourcecode.c.h; path = YLPublicButton.h; sourceTree = "<group>"; };
		8A7BC6691BA04B7A00C455C7 /* YLPublicButton.m */ = {isa = PBXFileReference; fileEncoding = 4; lastKnownFileType = sourcecode.c.objc; path = YLPublicButton.m; sourceTree = "<group>"; };
		8A7BC66B1BA08C6600C455C7 /* YLPostWordViewController.h */ = {isa = PBXFileReference; fileEncoding = 4; lastKnownFileType = sourcecode.c.h; path = YLPostWordViewController.h; sourceTree = "<group>"; };
		8A7BC66C1BA08C6600C455C7 /* YLPostWordViewController.m */ = {isa = PBXFileReference; fileEncoding = 4; lastKnownFileType = sourcecode.c.objc; path = YLPostWordViewController.m; sourceTree = "<group>"; };
		8A7BC66E1BA127E800C455C7 /* YLPlaceholderTextView.h */ = {isa = PBXFileReference; fileEncoding = 4; lastKnownFileType = sourcecode.c.h; path = YLPlaceholderTextView.h; sourceTree = "<group>"; };
		8A7BC66F1BA127E800C455C7 /* YLPlaceholderTextView.m */ = {isa = PBXFileReference; fileEncoding = 4; lastKnownFileType = sourcecode.c.objc; path = YLPlaceholderTextView.m; sourceTree = "<group>"; };
		8A7BC6B11BA1AC1100C455C7 /* YLAddTagToolBar.h */ = {isa = PBXFileReference; fileEncoding = 4; lastKnownFileType = sourcecode.c.h; path = YLAddTagToolBar.h; sourceTree = "<group>"; };
		8A7BC6B21BA1AC1100C455C7 /* YLAddTagToolBar.m */ = {isa = PBXFileReference; fileEncoding = 4; lastKnownFileType = sourcecode.c.objc; path = YLAddTagToolBar.m; sourceTree = "<group>"; };
		8A7BC6B61BA1AC7E00C455C7 /* YLAddTagToolBar.xib */ = {isa = PBXFileReference; fileEncoding = 4; lastKnownFileType = file.xib; path = YLAddTagToolBar.xib; sourceTree = "<group>"; };
		8AB74F6F1B9551F900B5DAF1 /* YL-百思不得姐.app */ = {isa = PBXFileReference; explicitFileType = wrapper.application; includeInIndex = 0; path = "YL-百思不得姐.app"; sourceTree = BUILT_PRODUCTS_DIR; };
		8AB74F731B9551F900B5DAF1 /* Info.plist */ = {isa = PBXFileReference; lastKnownFileType = text.plist.xml; path = Info.plist; sourceTree = "<group>"; };
		8AB74F7F1B9551F900B5DAF1 /* Images.xcassets */ = {isa = PBXFileReference; lastKnownFileType = folder.assetcatalog; path = Images.xcassets; sourceTree = "<group>"; };
		8AB74F881B9551F900B5DAF1 /* YL-百思不得姐Tests.xctest */ = {isa = PBXFileReference; explicitFileType = wrapper.cfbundle; includeInIndex = 0; path = "YL-百思不得姐Tests.xctest"; sourceTree = BUILT_PRODUCTS_DIR; };
		8AB74F8D1B9551F900B5DAF1 /* Info.plist */ = {isa = PBXFileReference; lastKnownFileType = text.plist.xml; path = Info.plist; sourceTree = "<group>"; };
		8AB74F8E1B9551F900B5DAF1 /* YL______Tests.m */ = {isa = PBXFileReference; lastKnownFileType = sourcecode.c.objc; path = "YL______Tests.m"; sourceTree = "<group>"; };
		8AB74FBD1B96BA7200B5DAF1 /* YLEssenceViewController.h */ = {isa = PBXFileReference; fileEncoding = 4; lastKnownFileType = sourcecode.c.h; path = YLEssenceViewController.h; sourceTree = "<group>"; };
		8AB74FBE1B96BA7200B5DAF1 /* YLEssenceViewController.m */ = {isa = PBXFileReference; fileEncoding = 4; lastKnownFileType = sourcecode.c.objc; path = YLEssenceViewController.m; sourceTree = "<group>"; };
		8AB74FBF1B96BA7200B5DAF1 /* YLTagViewControl.h */ = {isa = PBXFileReference; fileEncoding = 4; lastKnownFileType = sourcecode.c.h; path = YLTagViewControl.h; sourceTree = "<group>"; };
		8AB74FC01B96BA7200B5DAF1 /* YLTagViewControl.m */ = {isa = PBXFileReference; fileEncoding = 4; lastKnownFileType = sourcecode.c.objc; path = YLTagViewControl.m; sourceTree = "<group>"; };
		8AB74FC51B96BA7200B5DAF1 /* YLFriendTrendsViewController.h */ = {isa = PBXFileReference; fileEncoding = 4; lastKnownFileType = sourcecode.c.h; path = YLFriendTrendsViewController.h; sourceTree = "<group>"; };
		8AB74FC61B96BA7200B5DAF1 /* YLFriendTrendsViewController.m */ = {isa = PBXFileReference; fileEncoding = 4; lastKnownFileType = sourcecode.c.objc; path = YLFriendTrendsViewController.m; sourceTree = "<group>"; };
		8AB74FCB1B96BA7200B5DAF1 /* YLMeViewController.h */ = {isa = PBXFileReference; fileEncoding = 4; lastKnownFileType = sourcecode.c.h; path = YLMeViewController.h; sourceTree = "<group>"; };
		8AB74FCC1B96BA7200B5DAF1 /* YLMeViewController.m */ = {isa = PBXFileReference; fileEncoding = 4; lastKnownFileType = sourcecode.c.objc; path = YLMeViewController.m; sourceTree = "<group>"; };
		8AB74FCD1B96BA7200B5DAF1 /* YLSettingViewControl.h */ = {isa = PBXFileReference; fileEncoding = 4; lastKnownFileType = sourcecode.c.h; path = YLSettingViewControl.h; sourceTree = "<group>"; };
		8AB74FCE1B96BA7200B5DAF1 /* YLSettingViewControl.m */ = {isa = PBXFileReference; fileEncoding = 4; lastKnownFileType = sourcecode.c.objc; path = YLSettingViewControl.m; sourceTree = "<group>"; };
		8AB74FD31B96BA7200B5DAF1 /* YLNewViewController.h */ = {isa = PBXFileReference; fileEncoding = 4; lastKnownFileType = sourcecode.c.h; path = YLNewViewController.h; sourceTree = "<group>"; };
		8AB74FD41B96BA7200B5DAF1 /* YLNewViewController.m */ = {isa = PBXFileReference; fileEncoding = 4; lastKnownFileType = sourcecode.c.objc; path = YLNewViewController.m; sourceTree = "<group>"; };
		8AB74FD81B96BA7200B5DAF1 /* AppDelegate.h */ = {isa = PBXFileReference; fileEncoding = 4; lastKnownFileType = sourcecode.c.h; path = AppDelegate.h; sourceTree = "<group>"; };
		8AB74FD91B96BA7200B5DAF1 /* AppDelegate.m */ = {isa = PBXFileReference; fileEncoding = 4; lastKnownFileType = sourcecode.c.objc; path = AppDelegate.m; sourceTree = "<group>"; };
		8AB74FDB1B96BA7200B5DAF1 /* UIBarButtonItem+EXT.h */ = {isa = PBXFileReference; fileEncoding = 4; lastKnownFileType = sourcecode.c.h; path = "UIBarButtonItem+EXT.h"; sourceTree = "<group>"; };
		8AB74FDC1B96BA7200B5DAF1 /* UIBarButtonItem+EXT.m */ = {isa = PBXFileReference; fileEncoding = 4; lastKnownFileType = sourcecode.c.objc; path = "UIBarButtonItem+EXT.m"; sourceTree = "<group>"; };
		8AB74FDE1B96BA7200B5DAF1 /* YLTabBar.h */ = {isa = PBXFileReference; fileEncoding = 4; lastKnownFileType = sourcecode.c.h; name = YLTabBar.h; path = ../Control/YLTabBar.h; sourceTree = "<group>"; };
		8AB74FDF1B96BA7200B5DAF1 /* YLTabBar.m */ = {isa = PBXFileReference; fileEncoding = 4; lastKnownFileType = sourcecode.c.objc; name = YLTabBar.m; path = ../Control/YLTabBar.m; sourceTree = "<group>"; };
		8AB74FE01B96BA7200B5DAF1 /* YLTabBarController.h */ = {isa = PBXFileReference; fileEncoding = 4; lastKnownFileType = sourcecode.c.h; path = YLTabBarController.h; sourceTree = "<group>"; };
		8AB74FE11B96BA7200B5DAF1 /* YLTabBarController.m */ = {isa = PBXFileReference; fileEncoding = 4; lastKnownFileType = sourcecode.c.objc; path = YLTabBarController.m; sourceTree = "<group>"; };
		8AB74FE21B96BA7200B5DAF1 /* main.m */ = {isa = PBXFileReference; fileEncoding = 4; lastKnownFileType = sourcecode.c.objc; name = main.m; path = "Class/Other-其他/main.m"; sourceTree = "<group>"; };
		8AB74FE41B96BA7200B5DAF1 /* PrefixHeader.pch */ = {isa = PBXFileReference; fileEncoding = 4; lastKnownFileType = sourcecode.c.h; path = PrefixHeader.pch; sourceTree = "<group>"; };
		8AB74FF11B96BD0E00B5DAF1 /* YLNavigationControl.h */ = {isa = PBXFileReference; fileEncoding = 4; lastKnownFileType = sourcecode.c.h; path = YLNavigationControl.h; sourceTree = "<group>"; };
		8AB74FF21B96BD0E00B5DAF1 /* YLNavigationControl.m */ = {isa = PBXFileReference; fileEncoding = 4; lastKnownFileType = sourcecode.c.objc; path = YLNavigationControl.m; sourceTree = "<group>"; };
		8AC8D1101BA3CDA500FB8698 /* YLTagButton.h */ = {isa = PBXFileReference; fileEncoding = 4; lastKnownFileType = sourcecode.c.h; path = YLTagButton.h; sourceTree = "<group>"; };
		8AC8D1111BA3CDA500FB8698 /* YLTagButton.m */ = {isa = PBXFileReference; fileEncoding = 4; lastKnownFileType = sourcecode.c.objc; path = YLTagButton.m; sourceTree = "<group>"; };
		8AC8D1131BA53C4D00FB8698 /* YLTextField.h */ = {isa = PBXFileReference; fileEncoding = 4; lastKnownFileType = sourcecode.c.h; path = YLTextField.h; sourceTree = "<group>"; };
		8AC8D1141BA53C4D00FB8698 /* YLTextField.m */ = {isa = PBXFileReference; fileEncoding = 4; lastKnownFileType = sourcecode.c.objc; path = YLTextField.m; sourceTree = "<group>"; };
		8AC8D1181BA5CABD00FB8698 /* YLTitleButton.h */ = {isa = PBXFileReference; fileEncoding = 4; lastKnownFileType = sourcecode.c.h; path = YLTitleButton.h; sourceTree = "<group>"; };
		8AC8D1191BA5CABD00FB8698 /* YLTitleButton.m */ = {isa = PBXFileReference; fileEncoding = 4; lastKnownFileType = sourcecode.c.objc; path = YLTitleButton.m; sourceTree = "<group>"; };
		8AC8D11B1BA69A4100FB8698 /* YLAllViewController.h */ = {isa = PBXFileReference; fileEncoding = 4; lastKnownFileType = sourcecode.c.h; path = YLAllViewController.h; sourceTree = "<group>"; };
		8AC8D11C1BA69A4100FB8698 /* YLAllViewController.m */ = {isa = PBXFileReference; fileEncoding = 4; lastKnownFileType = sourcecode.c.objc; path = YLAllViewController.m; sourceTree = "<group>"; };
		8AC8D11E1BA69A5A00FB8698 /* YLVideoViewController.h */ = {isa = PBXFileReference; fileEncoding = 4; lastKnownFileType = sourcecode.c.h; path = YLVideoViewController.h; sourceTree = "<group>"; };
		8AC8D11F1BA69A5A00FB8698 /* YLVideoViewController.m */ = {isa = PBXFileReference; fileEncoding = 4; lastKnownFileType = sourcecode.c.objc; path = YLVideoViewController.m; sourceTree = "<group>"; };
		8AC8D1241BA69AC300FB8698 /* YLPictureViewController.h */ = {isa = PBXFileReference; fileEncoding = 4; lastKnownFileType = sourcecode.c.h; path = YLPictureViewController.h; sourceTree = "<group>"; };
		8AC8D1251BA69AC300FB8698 /* YLPictureViewController.m */ = {isa = PBXFileReference; fileEncoding = 4; lastKnownFileType = sourcecode.c.objc; path = YLPictureViewController.m; sourceTree = "<group>"; };
		8AC8D1271BA69AFD00FB8698 /* YLWordViewController.h */ = {isa = PBXFileReference; fileEncoding = 4; lastKnownFileType = sourcecode.c.h; path = YLWordViewController.h; sourceTree = "<group>"; };
		8AC8D1281BA69AFD00FB8698 /* YLWordViewController.m */ = {isa = PBXFileReference; fileEncoding = 4; lastKnownFileType = sourcecode.c.objc; path = YLWordViewController.m; sourceTree = "<group>"; };
		8AC8D12A1BA69B7100FB8698 /* YLVoiceViewController.h */ = {isa = PBXFileReference; fileEncoding = 4; lastKnownFileType = sourcecode.c.h; path = YLVoiceViewController.h; sourceTree = "<group>"; };
		8AC8D12B1BA69B7100FB8698 /* YLVoiceViewController.m */ = {isa = PBXFileReference; fileEncoding = 4; lastKnownFileType = sourcecode.c.objc; path = YLVoiceViewController.m; sourceTree = "<group>"; };
		8ACDFE051B9C4B3800A4991F /* UIView+YLFrame.h */ = {isa = PBXFileReference; fileEncoding = 4; lastKnownFileType = sourcecode.c.h; path = "UIView+YLFrame.h"; sourceTree = "<group>"; };
		8ACDFE061B9C4B3800A4991F /* UIView+YLFrame.m */ = {isa = PBXFileReference; fileEncoding = 4; lastKnownFileType = sourcecode.c.objc; path = "UIView+YLFrame.m"; sourceTree = "<group>"; };
		8ACDFE081B9C551300A4991F /* YLTagCell.h */ = {isa = PBXFileReference; fileEncoding = 4; lastKnownFileType = sourcecode.c.h; path = YLTagCell.h; sourceTree = "<group>"; };
		8ACDFE091B9C551300A4991F /* YLTagCell.m */ = {isa = PBXFileReference; fileEncoding = 4; lastKnownFileType = sourcecode.c.objc; path = YLTagCell.m; sourceTree = "<group>"; };
		8ACDFE0B1B9C553800A4991F /* YLTagCell.xib */ = {isa = PBXFileReference; fileEncoding = 4; lastKnownFileType = file.xib; path = YLTagCell.xib; sourceTree = "<group>"; };
		8ACDFE0D1B9C612900A4991F /* YLTag.h */ = {isa = PBXFileReference; fileEncoding = 4; lastKnownFileType = sourcecode.c.h; path = YLTag.h; sourceTree = "<group>"; };
		8ACDFE0E1B9C612900A4991F /* YLTag.m */ = {isa = PBXFileReference; fileEncoding = 4; lastKnownFileType = sourcecode.c.objc; path = YLTag.m; sourceTree = "<group>"; };
		8ACDFE121B9C860C00A4991F /* YLConst.h */ = {isa = PBXFileReference; fileEncoding = 4; lastKnownFileType = sourcecode.c.h; path = YLConst.h; sourceTree = "<group>"; };
		8ACDFE131B9C860C00A4991F /* YLConst.m */ = {isa = PBXFileReference; fileEncoding = 4; lastKnownFileType = sourcecode.c.objc; path = YLConst.m; sourceTree = "<group>"; };
		8ACDFE181B9CAF1200A4991F /* UIImage+YLEXT.h */ = {isa = PBXFileReference; fileEncoding = 4; lastKnownFileType = sourcecode.c.h; path = "UIImage+YLEXT.h"; sourceTree = "<group>"; };
		8ACDFE191B9CAF1200A4991F /* UIImage+YLEXT.m */ = {isa = PBXFileReference; fileEncoding = 4; lastKnownFileType = sourcecode.c.objc; path = "UIImage+YLEXT.m"; sourceTree = "<group>"; };
		8ACDFE1B1B9D651500A4991F /* UIImageView+YLEXT.h */ = {isa = PBXFileReference; fileEncoding = 4; lastKnownFileType = sourcecode.c.h; path = "UIImageView+YLEXT.h"; sourceTree = "<group>"; };
		8ACDFE1C1B9D651500A4991F /* UIImageView+YLEXT.m */ = {isa = PBXFileReference; fileEncoding = 4; lastKnownFileType = sourcecode.c.objc; path = "UIImageView+YLEXT.m"; sourceTree = "<group>"; };
		8ACDFE1E1B9D7C6F00A4991F /* NSString+YLEXT.h */ = {isa = PBXFileReference; fileEncoding = 4; lastKnownFileType = sourcecode.c.h; name = "NSString+YLEXT.h"; path = "../Control/NSString+YLEXT.h"; sourceTree = "<group>"; };
		8ACDFE1F1B9D7C6F00A4991F /* NSString+YLEXT.m */ = {isa = PBXFileReference; fileEncoding = 4; lastKnownFileType = sourcecode.c.objc; name = "NSString+YLEXT.m"; path = "../Control/NSString+YLEXT.m"; sourceTree = "<group>"; };
		8ACDFE211B9DB6B100A4991F /* YLMeCell.h */ = {isa = PBXFileReference; fileEncoding = 4; lastKnownFileType = sourcecode.c.h; path = YLMeCell.h; sourceTree = "<group>"; };
		8ACDFE221B9DB6B100A4991F /* YLMeCell.m */ = {isa = PBXFileReference; fileEncoding = 4; lastKnownFileType = sourcecode.c.objc; path = YLMeCell.m; sourceTree = "<group>"; };
		8ACDFE241B9DD13C00A4991F /* YLFooterView.h */ = {isa = PBXFileReference; fileEncoding = 4; lastKnownFileType = sourcecode.c.h; path = YLFooterView.h; sourceTree = "<group>"; };
		8ACDFE251B9DD13C00A4991F /* YLFooterView.m */ = {isa = PBXFileReference; fileEncoding = 4; lastKnownFileType = sourcecode.c.objc; path = YLFooterView.m; sourceTree = "<group>"; };
		8ACDFE271B9DD30E00A4991F /* YLSquare.h */ = {isa = PBXFileReference; fileEncoding = 4; lastKnownFileType = sourcecode.c.h; path = YLSquare.h; sourceTree = "<group>"; };
		8ACDFE281B9DD30E00A4991F /* YLSquare.m */ = {isa = PBXFileReference; fileEncoding = 4; lastKnownFileType = sourcecode.c.objc; path = YLSquare.m; sourceTree = "<group>"; };
		8ACDFE2A1B9DDAF800A4991F /* YLSquareBtn.h */ = {isa = PBXFileReference; fileEncoding = 4; lastKnownFileType = sourcecode.c.h; path = YLSquareBtn.h; sourceTree = "<group>"; };
		8ACDFE2B1B9DDAF800A4991F /* YLSquareBtn.m */ = {isa = PBXFileReference; fileEncoding = 4; lastKnownFileType = sourcecode.c.objc; path = YLSquareBtn.m; sourceTree = "<group>"; };
		8ACDFE371B9E850C00A4991F /* YLWebViewController.h */ = {isa = PBXFileReference; fileEncoding = 4; lastKnownFileType = sourcecode.c.h; path = YLWebViewController.h; sourceTree = "<group>"; };
		8ACDFE381B9E850C00A4991F /* YLWebViewController.m */ = {isa = PBXFileReference; fileEncoding = 4; lastKnownFileType = sourcecode.c.objc; path = YLWebViewController.m; sourceTree = "<group>"; };
		8ACDFE3F1B9EA3C800A4991F /* YLWebViewController.xib */ = {isa = PBXFileReference; fileEncoding = 4; lastKnownFileType = file.xib; path = YLWebViewController.xib; sourceTree = "<group>"; };
		8ACDFE441B9EB6D800A4991F /* YLClearCacheCell.h */ = {isa = PBXFileReference; fileEncoding = 4; lastKnownFileType = sourcecode.c.h; path = YLClearCacheCell.h; sourceTree = "<group>"; };
		8ACDFE451B9EB6D800A4991F /* YLClearCacheCell.m */ = {isa = PBXFileReference; fileEncoding = 4; lastKnownFileType = sourcecode.c.objc; path = YLClearCacheCell.m; sourceTree = "<group>"; };
		8ACDFE471B9ED89700A4991F /* YLThirdCell.h */ = {isa = PBXFileReference; fileEncoding = 4; lastKnownFileType = sourcecode.c.h; path = YLThirdCell.h; sourceTree = "<group>"; };
		8ACDFE481B9ED89700A4991F /* YLThirdCell.m */ = {isa = PBXFileReference; fileEncoding = 4; lastKnownFileType = sourcecode.c.objc; path = YLThirdCell.m; sourceTree = "<group>"; };
		8AE67D391BA2ECF100914E9F /* YLAddTagViewController.h */ = {isa = PBXFileReference; fileEncoding = 4; lastKnownFileType = sourcecode.c.h; path = YLAddTagViewController.h; sourceTree = "<group>"; };
		8AE67D3A1BA2ECF100914E9F /* YLAddTagViewController.m */ = {isa = PBXFileReference; fileEncoding = 4; lastKnownFileType = sourcecode.c.objc; path = YLAddTagViewController.m; sourceTree = "<group>"; };
		8AE67D3C1BA3071000914E9F /* YLPublicViewController.m */ = {isa = PBXFileReference; fileEncoding = 4; lastKnownFileType = sourcecode.c.objc; path = YLPublicViewController.m; sourceTree = "<group>"; };
		8AE67D421BA31A4700914E9F /* UITextField+YLEXT.h */ = {isa = PBXFileReference; fileEncoding = 4; lastKnownFileType = sourcecode.c.h; path = "UITextField+YLEXT.h"; sourceTree = "<group>"; };
		8AE67D431BA31A4700914E9F /* UITextField+YLEXT.m */ = {isa = PBXFileReference; fileEncoding = 4; lastKnownFileType = sourcecode.c.objc; path = "UITextField+YLEXT.m"; sourceTree = "<group>"; };
		96648096E66491DBC14AD806 /* Pods.release.xcconfig */ = {isa = PBXFileReference; includeInIndex = 1; lastKnownFileType = text.xcconfig; name = Pods.release.xcconfig; path = "Pods/Target Support Files/Pods/Pods.release.xcconfig"; sourceTree = "<group>"; };
		C2D5D2D98613408B3F28AF2A /* libPods.a */ = {isa = PBXFileReference; explicitFileType = archive.ar; includeInIndex = 0; path = libPods.a; sourceTree = BUILT_PRODUCTS_DIR; };
/* End PBXFileReference section */

/* Begin PBXFrameworksBuildPhase section */
		8AB74F6C1B9551F900B5DAF1 /* Frameworks */ = {
			isa = PBXFrameworksBuildPhase;
			buildActionMask = 2147483647;
			files = (
				D6949AE653B9961C36CAAD4E /* libPods.a in Frameworks */,
			);
			runOnlyForDeploymentPostprocessing = 0;
		};
		8AB74F851B9551F900B5DAF1 /* Frameworks */ = {
			isa = PBXFrameworksBuildPhase;
			buildActionMask = 2147483647;
			files = (
			);
			runOnlyForDeploymentPostprocessing = 0;
		};
/* End PBXFrameworksBuildPhase section */

/* Begin PBXGroup section */
		056BF5D272B71B394C19445C /* Pods */ = {
			isa = PBXGroup;
			children = (
				1779C2041DD587699318D3EA /* Pods.debug.xcconfig */,
				96648096E66491DBC14AD806 /* Pods.release.xcconfig */,
			);
			name = Pods;
			sourceTree = "<group>";
		};
		8A7BC65F1B9FF08000C455C7 /* Public-发布 */ = {
			isa = PBXGroup;
			children = (
				8A7BC6601B9FF08000C455C7 /* Control */,
				8A7BC6611B9FF08000C455C7 /* Model */,
				8A7BC6621B9FF08000C455C7 /* View */,
			);
			path = "Public-发布";
			sourceTree = "<group>";
		};
		8A7BC6601B9FF08000C455C7 /* Control */ = {
			isa = PBXGroup;
			children = (
				8A7BC6631B9FF0E900C455C7 /* YLPublicViewController.h */,
				8AE67D3C1BA3071000914E9F /* YLPublicViewController.m */,
				8A7BC6651B9FF0E900C455C7 /* YLPublicViewController.xib */,
				8A7BC66B1BA08C6600C455C7 /* YLPostWordViewController.h */,
				8A7BC66C1BA08C6600C455C7 /* YLPostWordViewController.m */,
				8AE67D391BA2ECF100914E9F /* YLAddTagViewController.h */,
				8AE67D3A1BA2ECF100914E9F /* YLAddTagViewController.m */,
			);
			path = Control;
			sourceTree = "<group>";
		};
		8A7BC6611B9FF08000C455C7 /* Model */ = {
			isa = PBXGroup;
			children = (
			);
			path = Model;
			sourceTree = "<group>";
		};
		8A7BC6621B9FF08000C455C7 /* View */ = {
			isa = PBXGroup;
			children = (
				8A7BC6681BA04B7A00C455C7 /* YLPublicButton.h */,
				8A7BC6691BA04B7A00C455C7 /* YLPublicButton.m */,
				8A7BC66E1BA127E800C455C7 /* YLPlaceholderTextView.h */,
				8A7BC66F1BA127E800C455C7 /* YLPlaceholderTextView.m */,
				8A7BC6B11BA1AC1100C455C7 /* YLAddTagToolBar.h */,
				8A7BC6B21BA1AC1100C455C7 /* YLAddTagToolBar.m */,
				8A7BC6B61BA1AC7E00C455C7 /* YLAddTagToolBar.xib */,
				8AC8D1101BA3CDA500FB8698 /* YLTagButton.h */,
				8AC8D1111BA3CDA500FB8698 /* YLTagButton.m */,
				8AC8D1131BA53C4D00FB8698 /* YLTextField.h */,
				8AC8D1141BA53C4D00FB8698 /* YLTextField.m */,
			);
			path = View;
			sourceTree = "<group>";
		};
		8AB74F661B9551F900B5DAF1 = {
			isa = PBXGroup;
			children = (
				8AB74FBA1B96BA7200B5DAF1 /* Class */,
				8AB74F711B9551F900B5DAF1 /* YL-百思不得姐 */,
				8AB74F8B1B9551F900B5DAF1 /* YL-百思不得姐Tests */,
				8AB74F701B9551F900B5DAF1 /* Products */,
				056BF5D272B71B394C19445C /* Pods */,
				9CD69D2BDF8EC0B854344F55 /* Frameworks */,
			);
			sourceTree = "<group>";
		};
		8AB74F701B9551F900B5DAF1 /* Products */ = {
			isa = PBXGroup;
			children = (
				8AB74F6F1B9551F900B5DAF1 /* YL-百思不得姐.app */,
				8AB74F881B9551F900B5DAF1 /* YL-百思不得姐Tests.xctest */,
			);
			name = Products;
			sourceTree = "<group>";
		};
		8AB74F711B9551F900B5DAF1 /* YL-百思不得姐 */ = {
			isa = PBXGroup;
			children = (
				8AB74F721B9551F900B5DAF1 /* Supporting Files */,
			);
			path = "YL-百思不得姐";
			sourceTree = "<group>";
		};
		8AB74F721B9551F900B5DAF1 /* Supporting Files */ = {
			isa = PBXGroup;
			children = (
				8AB74F7F1B9551F900B5DAF1 /* Images.xcassets */,
				8AB74FE21B96BA7200B5DAF1 /* main.m */,
				8AB74F731B9551F900B5DAF1 /* Info.plist */,
			);
			name = "Supporting Files";
			sourceTree = "<group>";
		};
		8AB74F8B1B9551F900B5DAF1 /* YL-百思不得姐Tests */ = {
			isa = PBXGroup;
			children = (
				8AB74F8E1B9551F900B5DAF1 /* YL______Tests.m */,
				8AB74F8C1B9551F900B5DAF1 /* Supporting Files */,
			);
			path = "YL-百思不得姐Tests";
			sourceTree = "<group>";
		};
		8AB74F8C1B9551F900B5DAF1 /* Supporting Files */ = {
			isa = PBXGroup;
			children = (
				8AB74F8D1B9551F900B5DAF1 /* Info.plist */,
			);
			name = "Supporting Files";
			sourceTree = "<group>";
		};
		8AB74FBA1B96BA7200B5DAF1 /* Class */ = {
			isa = PBXGroup;
			children = (
				8AB74FBB1B96BA7200B5DAF1 /* Essence-精华 */,
				8AB74FC31B96BA7200B5DAF1 /* FriendTrends-关注 */,
				8AB74FC91B96BA7200B5DAF1 /* Me-我 */,
				8AB74FD11B96BA7200B5DAF1 /* New-新帖 */,
				8A7BC65F1B9FF08000C455C7 /* Public-发布 */,
				8AB74FD71B96BA7200B5DAF1 /* Other-其他 */,
			);
			name = Class;
			path = "YL-百思不得姐/Class";
			sourceTree = "<group>";
		};
		8AB74FBB1B96BA7200B5DAF1 /* Essence-精华 */ = {
			isa = PBXGroup;
			children = (
				8AB74FBC1B96BA7200B5DAF1 /* Control */,
				8AB74FC11B96BA7200B5DAF1 /* Model */,
				8AB74FC21B96BA7200B5DAF1 /* View */,
			);
			path = "Essence-精华";
			sourceTree = "<group>";
		};
		8AB74FBC1B96BA7200B5DAF1 /* Control */ = {
			isa = PBXGroup;
			children = (
				8AB74FBD1B96BA7200B5DAF1 /* YLEssenceViewController.h */,
				8AB74FBE1B96BA7200B5DAF1 /* YLEssenceViewController.m */,
				8AB74FBF1B96BA7200B5DAF1 /* YLTagViewControl.h */,
				8AB74FC01B96BA7200B5DAF1 /* YLTagViewControl.m */,
				8AC8D11B1BA69A4100FB8698 /* YLAllViewController.h */,
				8AC8D11C1BA69A4100FB8698 /* YLAllViewController.m */,
				8AC8D11E1BA69A5A00FB8698 /* YLVideoViewController.h */,
				8AC8D11F1BA69A5A00FB8698 /* YLVideoViewController.m */,
				8AC8D12A1BA69B7100FB8698 /* YLVoiceViewController.h */,
				8AC8D12B1BA69B7100FB8698 /* YLVoiceViewController.m */,
				8AC8D1241BA69AC300FB8698 /* YLPictureViewController.h */,
				8AC8D1251BA69AC300FB8698 /* YLPictureViewController.m */,
				8AC8D1271BA69AFD00FB8698 /* YLWordViewController.h */,
				8AC8D1281BA69AFD00FB8698 /* YLWordViewController.m */,
			);
			path = Control;
			sourceTree = "<group>";
		};
		8AB74FC11B96BA7200B5DAF1 /* Model */ = {
			isa = PBXGroup;
			children = (
				8ACDFE0D1B9C612900A4991F /* YLTag.h */,
				8ACDFE0E1B9C612900A4991F /* YLTag.m */,
				8A4136C81BA7B2AE0006AAA5 /* YLTopic.h */,
				8A4136C91BA7B2AE0006AAA5 /* YLTopic.m */,
			);
			path = Model;
			sourceTree = "<group>";
		};
		8AB74FC21B96BA7200B5DAF1 /* View */ = {
			isa = PBXGroup;
			children = (
				8ACDFE081B9C551300A4991F /* YLTagCell.h */,
				8ACDFE091B9C551300A4991F /* YLTagCell.m */,
				8ACDFE0B1B9C553800A4991F /* YLTagCell.xib */,
				8AC8D1181BA5CABD00FB8698 /* YLTitleButton.h */,
				8AC8D1191BA5CABD00FB8698 /* YLTitleButton.m */,
				8A4136CD1BA7C4960006AAA5 /* YLTopicCell.h */,
				8A4136CE1BA7C4960006AAA5 /* YLTopicCell.m */,
				8A4136CF1BA7C4960006AAA5 /* YLTopicCell.xib */,
			);
			path = View;
			sourceTree = "<group>";
		};
		8AB74FC31B96BA7200B5DAF1 /* FriendTrends-关注 */ = {
			isa = PBXGroup;
			children = (
				8AB74FC41B96BA7200B5DAF1 /* Control */,
				8AB74FC71B96BA7200B5DAF1 /* Model */,
				8AB74FC81B96BA7200B5DAF1 /* View */,
			);
			path = "FriendTrends-关注";
			sourceTree = "<group>";
		};
		8AB74FC41B96BA7200B5DAF1 /* Control */ = {
			isa = PBXGroup;
			children = (
				8AB74FC51B96BA7200B5DAF1 /* YLFriendTrendsViewController.h */,
				8AB74FC61B96BA7200B5DAF1 /* YLFriendTrendsViewController.m */,
				8A50532B1B974D61006AC6AF /* YLFriendTrendsViewController.xib */,
				8A50532D1B9756D6006AC6AF /* YLLoginRegisterViewController.h */,
				8A50532E1B9756D6006AC6AF /* YLLoginRegisterViewController.m */,
				8A50532F1B9756D6006AC6AF /* YLLoginRegisterViewController.xib */,
			);
			path = Control;
			sourceTree = "<group>";
		};
		8AB74FC71B96BA7200B5DAF1 /* Model */ = {
			isa = PBXGroup;
			children = (
			);
			path = Model;
			sourceTree = "<group>";
		};
		8AB74FC81B96BA7200B5DAF1 /* View */ = {
			isa = PBXGroup;
			children = (
				8A5754FC1B9816E100F6F98D /* YLQuickLoginButton.h */,
				8A5754FD1B9816E100F6F98D /* YLQuickLoginButton.m */,
				8A5755021B984D9C00F6F98D /* YLLoginRegisterTextField.h */,
				8A5755031B984D9C00F6F98D /* YLLoginRegisterTextField.m */,
			);
			path = View;
			sourceTree = "<group>";
		};
		8AB74FC91B96BA7200B5DAF1 /* Me-我 */ = {
			isa = PBXGroup;
			children = (
				8AB74FCA1B96BA7200B5DAF1 /* Control */,
				8AB74FCF1B96BA7200B5DAF1 /* Model */,
				8AB74FD01B96BA7200B5DAF1 /* View */,
			);
			path = "Me-我";
			sourceTree = "<group>";
		};
		8AB74FCA1B96BA7200B5DAF1 /* Control */ = {
			isa = PBXGroup;
			children = (
				8AB74FCB1B96BA7200B5DAF1 /* YLMeViewController.h */,
				8AB74FCC1B96BA7200B5DAF1 /* YLMeViewController.m */,
				8AB74FCD1B96BA7200B5DAF1 /* YLSettingViewControl.h */,
				8AB74FCE1B96BA7200B5DAF1 /* YLSettingViewControl.m */,
				8ACDFE371B9E850C00A4991F /* YLWebViewController.h */,
				8ACDFE381B9E850C00A4991F /* YLWebViewController.m */,
				8ACDFE3F1B9EA3C800A4991F /* YLWebViewController.xib */,
			);
			path = Control;
			sourceTree = "<group>";
		};
		8AB74FCF1B96BA7200B5DAF1 /* Model */ = {
			isa = PBXGroup;
			children = (
				8ACDFE271B9DD30E00A4991F /* YLSquare.h */,
				8ACDFE281B9DD30E00A4991F /* YLSquare.m */,
			);
			path = Model;
			sourceTree = "<group>";
		};
		8AB74FD01B96BA7200B5DAF1 /* View */ = {
			isa = PBXGroup;
			children = (
				8ACDFE211B9DB6B100A4991F /* YLMeCell.h */,
				8ACDFE221B9DB6B100A4991F /* YLMeCell.m */,
				8ACDFE241B9DD13C00A4991F /* YLFooterView.h */,
				8ACDFE251B9DD13C00A4991F /* YLFooterView.m */,
				8ACDFE2A1B9DDAF800A4991F /* YLSquareBtn.h */,
				8ACDFE2B1B9DDAF800A4991F /* YLSquareBtn.m */,
				8ACDFE441B9EB6D800A4991F /* YLClearCacheCell.h */,
				8ACDFE451B9EB6D800A4991F /* YLClearCacheCell.m */,
				8ACDFE471B9ED89700A4991F /* YLThirdCell.h */,
				8ACDFE481B9ED89700A4991F /* YLThirdCell.m */,
			);
			path = View;
			sourceTree = "<group>";
		};
		8AB74FD11B96BA7200B5DAF1 /* New-新帖 */ = {
			isa = PBXGroup;
			children = (
				8AB74FD21B96BA7200B5DAF1 /* Control */,
				8AB74FD51B96BA7200B5DAF1 /* Model */,
				8AB74FD61B96BA7200B5DAF1 /* View */,
			);
			path = "New-新帖";
			sourceTree = "<group>";
		};
		8AB74FD21B96BA7200B5DAF1 /* Control */ = {
			isa = PBXGroup;
			children = (
				8AB74FD31B96BA7200B5DAF1 /* YLNewViewController.h */,
				8AB74FD41B96BA7200B5DAF1 /* YLNewViewController.m */,
			);
			path = Control;
			sourceTree = "<group>";
		};
		8AB74FD51B96BA7200B5DAF1 /* Model */ = {
			isa = PBXGroup;
			children = (
			);
			path = Model;
			sourceTree = "<group>";
		};
		8AB74FD61B96BA7200B5DAF1 /* View */ = {
			isa = PBXGroup;
			children = (
			);
			path = View;
			sourceTree = "<group>";
		};
		8AB74FD71B96BA7200B5DAF1 /* Other-其他 */ = {
			isa = PBXGroup;
			children = (
				8AB74FD81B96BA7200B5DAF1 /* AppDelegate.h */,
				8AB74FD91B96BA7200B5DAF1 /* AppDelegate.m */,
				8A4136CB1BA7B5820006AAA5 /* Foundation+Log.m */,
				8AB74FDA1B96BA7200B5DAF1 /* Category */,
				8AB74FDD1B96BA7200B5DAF1 /* Control */,
				8AB74FE31B96BA7200B5DAF1 /* Model */,
				8AB74FE41B96BA7200B5DAF1 /* PrefixHeader.pch */,
				8ACDFE121B9C860C00A4991F /* YLConst.h */,
				8ACDFE131B9C860C00A4991F /* YLConst.m */,
				8AB74FE51B96BA7200B5DAF1 /* View */,
			);
			path = "Other-其他";
			sourceTree = "<group>";
		};
		8AB74FDA1B96BA7200B5DAF1 /* Category */ = {
			isa = PBXGroup;
			children = (
				8AB74FDB1B96BA7200B5DAF1 /* UIBarButtonItem+EXT.h */,
				8AB74FDC1B96BA7200B5DAF1 /* UIBarButtonItem+EXT.m */,
				8ACDFE051B9C4B3800A4991F /* UIView+YLFrame.h */,
				8ACDFE061B9C4B3800A4991F /* UIView+YLFrame.m */,
				8ACDFE181B9CAF1200A4991F /* UIImage+YLEXT.h */,
				8ACDFE191B9CAF1200A4991F /* UIImage+YLEXT.m */,
				8ACDFE1B1B9D651500A4991F /* UIImageView+YLEXT.h */,
				8ACDFE1C1B9D651500A4991F /* UIImageView+YLEXT.m */,
				8ACDFE1E1B9D7C6F00A4991F /* NSString+YLEXT.h */,
				8ACDFE1F1B9D7C6F00A4991F /* NSString+YLEXT.m */,
				8AE67D421BA31A4700914E9F /* UITextField+YLEXT.h */,
				8AE67D431BA31A4700914E9F /* UITextField+YLEXT.m */,
			);
			path = Category;
			sourceTree = "<group>";
		};
		8AB74FDD1B96BA7200B5DAF1 /* Control */ = {
			isa = PBXGroup;
			children = (
				8AB74FE01B96BA7200B5DAF1 /* YLTabBarController.h */,
				8AB74FE11B96BA7200B5DAF1 /* YLTabBarController.m */,
				8AB74FF11B96BD0E00B5DAF1 /* YLNavigationControl.h */,
				8AB74FF21B96BD0E00B5DAF1 /* YLNavigationControl.m */,
			);
			path = Control;
			sourceTree = "<group>";
		};
		8AB74FE31B96BA7200B5DAF1 /* Model */ = {
			isa = PBXGroup;
			children = (
			);
			path = Model;
			sourceTree = "<group>";
		};
		8AB74FE51B96BA7200B5DAF1 /* View */ = {
			isa = PBXGroup;
			children = (
				8AB74FDE1B96BA7200B5DAF1 /* YLTabBar.h */,
				8AB74FDF1B96BA7200B5DAF1 /* YLTabBar.m */,
				8A5755371B997FA900F6F98D /* YLGuideView.h */,
				8A5755381B997FA900F6F98D /* YLGuideView.m */,
				8A57553A1B997FC300F6F98D /* YLGuideView.xib */,
			);
			path = View;
			sourceTree = "<group>";
		};
		9CD69D2BDF8EC0B854344F55 /* Frameworks */ = {
			isa = PBXGroup;
			children = (
				C2D5D2D98613408B3F28AF2A /* libPods.a */,
			);
			name = Frameworks;
			sourceTree = "<group>";
		};
/* End PBXGroup section */

/* Begin PBXNativeTarget section */
		8AB74F6E1B9551F900B5DAF1 /* YL-百思不得姐 */ = {
			isa = PBXNativeTarget;
			buildConfigurationList = 8AB74F921B9551F900B5DAF1 /* Build configuration list for PBXNativeTarget "YL-百思不得姐" */;
			buildPhases = (
				187879C0E264413EB61E895F /* Check Pods Manifest.lock */,
				8AB74F6B1B9551F900B5DAF1 /* Sources */,
				8AB74F6C1B9551F900B5DAF1 /* Frameworks */,
				8AB74F6D1B9551F900B5DAF1 /* Resources */,
				CCCE686E3E05B95643422843 /* Copy Pods Resources */,
			);
			buildRules = (
			);
			dependencies = (
			);
			name = "YL-百思不得姐";
			productName = "YL-百思不得姐";
			productReference = 8AB74F6F1B9551F900B5DAF1 /* YL-百思不得姐.app */;
			productType = "com.apple.product-type.application";
		};
		8AB74F871B9551F900B5DAF1 /* YL-百思不得姐Tests */ = {
			isa = PBXNativeTarget;
			buildConfigurationList = 8AB74F951B9551F900B5DAF1 /* Build configuration list for PBXNativeTarget "YL-百思不得姐Tests" */;
			buildPhases = (
				8AB74F841B9551F900B5DAF1 /* Sources */,
				8AB74F851B9551F900B5DAF1 /* Frameworks */,
				8AB74F861B9551F900B5DAF1 /* Resources */,
			);
			buildRules = (
			);
			dependencies = (
				8AB74F8A1B9551F900B5DAF1 /* PBXTargetDependency */,
			);
			name = "YL-百思不得姐Tests";
			productName = "YL-百思不得姐Tests";
			productReference = 8AB74F881B9551F900B5DAF1 /* YL-百思不得姐Tests.xctest */;
			productType = "com.apple.product-type.bundle.unit-test";
		};
/* End PBXNativeTarget section */

/* Begin PBXProject section */
		8AB74F671B9551F900B5DAF1 /* Project object */ = {
			isa = PBXProject;
			attributes = {
				CLASSPREFIX = YL;
				LastUpgradeCheck = 0640;
				ORGANIZATIONNAME = www.xm.com;
				TargetAttributes = {
					8AB74F6E1B9551F900B5DAF1 = {
						CreatedOnToolsVersion = 6.4;
					};
					8AB74F871B9551F900B5DAF1 = {
						CreatedOnToolsVersion = 6.4;
						TestTargetID = 8AB74F6E1B9551F900B5DAF1;
					};
				};
			};
			buildConfigurationList = 8AB74F6A1B9551F900B5DAF1 /* Build configuration list for PBXProject "YL-百思不得姐" */;
			compatibilityVersion = "Xcode 3.2";
			developmentRegion = English;
			hasScannedForEncodings = 0;
			knownRegions = (
				en,
				Base,
			);
			mainGroup = 8AB74F661B9551F900B5DAF1;
			productRefGroup = 8AB74F701B9551F900B5DAF1 /* Products */;
			projectDirPath = "";
			projectRoot = "";
			targets = (
				8AB74F6E1B9551F900B5DAF1 /* YL-百思不得姐 */,
				8AB74F871B9551F900B5DAF1 /* YL-百思不得姐Tests */,
			);
		};
/* End PBXProject section */

/* Begin PBXResourcesBuildPhase section */
		8AB74F6D1B9551F900B5DAF1 /* Resources */ = {
			isa = PBXResourcesBuildPhase;
			buildActionMask = 2147483647;
			files = (
				8A50532C1B974D61006AC6AF /* YLFriendTrendsViewController.xib in Resources */,
				8A7BC6B71BA1AC7E00C455C7 /* YLAddTagToolBar.xib in Resources */,
				8A5053311B9756D6006AC6AF /* YLLoginRegisterViewController.xib in Resources */,
				8A7BC6671B9FF0E900C455C7 /* YLPublicViewController.xib in Resources */,
				8ACDFE401B9EA3C800A4991F /* YLWebViewController.xib in Resources */,
				8A4136D11BA7C4960006AAA5 /* YLTopicCell.xib in Resources */,
				8A57553B1B997FC300F6F98D /* YLGuideView.xib in Resources */,
				8AB74F801B9551F900B5DAF1 /* Images.xcassets in Resources */,
				8ACDFE0C1B9C553800A4991F /* YLTagCell.xib in Resources */,
			);
			runOnlyForDeploymentPostprocessing = 0;
		};
		8AB74F861B9551F900B5DAF1 /* Resources */ = {
			isa = PBXResourcesBuildPhase;
			buildActionMask = 2147483647;
			files = (
			);
			runOnlyForDeploymentPostprocessing = 0;
		};
/* End PBXResourcesBuildPhase section */

/* Begin PBXShellScriptBuildPhase section */
		187879C0E264413EB61E895F /* Check Pods Manifest.lock */ = {
			isa = PBXShellScriptBuildPhase;
			buildActionMask = 2147483647;
			files = (
			);
			inputPaths = (
			);
			name = "Check Pods Manifest.lock";
			outputPaths = (
			);
			runOnlyForDeploymentPostprocessing = 0;
			shellPath = /bin/sh;
			shellScript = "diff \"${PODS_ROOT}/../Podfile.lock\" \"${PODS_ROOT}/Manifest.lock\" > /dev/null\nif [[ $? != 0 ]] ; then\n    cat << EOM\nerror: The sandbox is not in sync with the Podfile.lock. Run 'pod install' or update your CocoaPods installation.\nEOM\n    exit 1\nfi\n";
			showEnvVarsInLog = 0;
		};
		CCCE686E3E05B95643422843 /* Copy Pods Resources */ = {
			isa = PBXShellScriptBuildPhase;
			buildActionMask = 2147483647;
			files = (
			);
			inputPaths = (
			);
			name = "Copy Pods Resources";
			outputPaths = (
			);
			runOnlyForDeploymentPostprocessing = 0;
			shellPath = /bin/sh;
			shellScript = "\"${SRCROOT}/Pods/Target Support Files/Pods/Pods-resources.sh\"\n";
			showEnvVarsInLog = 0;
		};
/* End PBXShellScriptBuildPhase section */

/* Begin PBXSourcesBuildPhase section */
		8AB74F6B1B9551F900B5DAF1 /* Sources */ = {
			isa = PBXSourcesBuildPhase;
			buildActionMask = 2147483647;
			files = (
				8AB74FEB1B96BA7200B5DAF1 /* YLNewViewController.m in Sources */,
				8A5755041B984D9C00F6F98D /* YLLoginRegisterTextField.m in Sources */,
				8ACDFE2C1B9DDAF800A4991F /* YLSquareBtn.m in Sources */,
				8A7BC6B31BA1AC1100C455C7 /* YLAddTagToolBar.m in Sources */,
				8A5053301B9756D6006AC6AF /* YLLoginRegisterViewController.m in Sources */,
				8ACDFE1A1B9CAF1200A4991F /* UIImage+YLEXT.m in Sources */,
				8AC8D12C1BA69B7100FB8698 /* YLVoiceViewController.m in Sources */,
				8ACDFE291B9DD30E00A4991F /* YLSquare.m in Sources */,
				8A7BC66D1BA08C6600C455C7 /* YLPostWordViewController.m in Sources */,
				8AB74FEA1B96BA7200B5DAF1 /* YLSettingViewControl.m in Sources */,
				8AC8D11D1BA69A4100FB8698 /* YLAllViewController.m in Sources */,
				8ACDFE071B9C4B3800A4991F /* UIView+YLFrame.m in Sources */,
				8ACDFE141B9C860C00A4991F /* YLConst.m in Sources */,
				8ACDFE231B9DB6B100A4991F /* YLMeCell.m in Sources */,
				8AB74FEE1B96BA7200B5DAF1 /* YLTabBar.m in Sources */,
				8AC8D11A1BA5CABD00FB8698 /* YLTitleButton.m in Sources */,
				8A7BC66A1BA04B7A00C455C7 /* YLPublicButton.m in Sources */,
				8AC8D1151BA53C4D00FB8698 /* YLTextField.m in Sources */,
				8ACDFE1D1B9D651500A4991F /* UIImageView+YLEXT.m in Sources */,
				8AB74FED1B96BA7200B5DAF1 /* UIBarButtonItem+EXT.m in Sources */,
				8AC8D1261BA69AC300FB8698 /* YLPictureViewController.m in Sources */,
				8A4136CC1BA7B5820006AAA5 /* Foundation+Log.m in Sources */,
				8ACDFE461B9EB6D800A4991F /* YLClearCacheCell.m in Sources */,
				8AE67D441BA31A4700914E9F /* UITextField+YLEXT.m in Sources */,
				8A7BC6701BA127E800C455C7 /* YLPlaceholderTextView.m in Sources */,
				8A4136CA1BA7B2AE0006AAA5 /* YLTopic.m in Sources */,
				8AE67D3D1BA3071000914E9F /* YLPublicViewController.m in Sources */,
				8ACDFE491B9ED89700A4991F /* YLThirdCell.m in Sources */,
				8AB74FEF1B96BA7200B5DAF1 /* YLTabBarController.m in Sources */,
				8AE67D3B1BA2ECF100914E9F /* YLAddTagViewController.m in Sources */,
				8A5755391B997FA900F6F98D /* YLGuideView.m in Sources */,
				8AC8D1201BA69A5A00FB8698 /* YLVideoViewController.m in Sources */,
				8ACDFE201B9D7C6F00A4991F /* NSString+YLEXT.m in Sources */,
				8AB74FE71B96BA7200B5DAF1 /* YLTagViewControl.m in Sources */,
				8ACDFE0F1B9C612900A4991F /* YLTag.m in Sources */,
				8ACDFE261B9DD13C00A4991F /* YLFooterView.m in Sources */,
				8AB74FE91B96BA7200B5DAF1 /* YLMeViewController.m in Sources */,
				8ACDFE0A1B9C551300A4991F /* YLTagCell.m in Sources */,
				8AB74FE61B96BA7200B5DAF1 /* YLEssenceViewController.m in Sources */,
				8ACDFE3A1B9E850C00A4991F /* YLWebViewController.m in Sources */,
				8AB74FE81B96BA7200B5DAF1 /* YLFriendTrendsViewController.m in Sources */,
				8AB74FF01B96BA7200B5DAF1 /* main.m in Sources */,
				8AB74FF31B96BD0E00B5DAF1 /* YLNavigationControl.m in Sources */,
				8AC8D1291BA69AFD00FB8698 /* YLWordViewController.m in Sources */,
				8A4136D01BA7C4960006AAA5 /* YLTopicCell.m in Sources */,
				8AC8D1121BA3CDA500FB8698 /* YLTagButton.m in Sources */,
				8A5754FE1B9816E100F6F98D /* YLQuickLoginButton.m in Sources */,
				8AB74FEC1B96BA7200B5DAF1 /* AppDelegate.m in Sources */,
			);
			runOnlyForDeploymentPostprocessing = 0;
		};
		8AB74F841B9551F900B5DAF1 /* Sources */ = {
			isa = PBXSourcesBuildPhase;
			buildActionMask = 2147483647;
			files = (
				8AB74F8F1B9551F900B5DAF1 /* YL______Tests.m in Sources */,
			);
			runOnlyForDeploymentPostprocessing = 0;
		};
/* End PBXSourcesBuildPhase section */

/* Begin PBXTargetDependency section */
		8AB74F8A1B9551F900B5DAF1 /* PBXTargetDependency */ = {
			isa = PBXTargetDependency;
			target = 8AB74F6E1B9551F900B5DAF1 /* YL-百思不得姐 */;
			targetProxy = 8AB74F891B9551F900B5DAF1 /* PBXContainerItemProxy */;
		};
/* End PBXTargetDependency section */

/* Begin XCBuildConfiguration section */
		8AB74F901B9551F900B5DAF1 /* Debug */ = {
			isa = XCBuildConfiguration;
			buildSettings = {
				ALWAYS_SEARCH_USER_PATHS = NO;
				CLANG_CXX_LANGUAGE_STANDARD = "gnu++0x";
				CLANG_CXX_LIBRARY = "libc++";
				CLANG_ENABLE_MODULES = YES;
				CLANG_ENABLE_OBJC_ARC = YES;
				CLANG_WARN_BOOL_CONVERSION = YES;
				CLANG_WARN_CONSTANT_CONVERSION = YES;
				CLANG_WARN_DIRECT_OBJC_ISA_USAGE = YES_ERROR;
				CLANG_WARN_EMPTY_BODY = YES;
				CLANG_WARN_ENUM_CONVERSION = YES;
				CLANG_WARN_INT_CONVERSION = YES;
				CLANG_WARN_OBJC_ROOT_CLASS = YES_ERROR;
				CLANG_WARN_UNREACHABLE_CODE = YES;
				CLANG_WARN__DUPLICATE_METHOD_MATCH = YES;
				"CODE_SIGN_IDENTITY[sdk=iphoneos*]" = "iPhone Developer";
				COPY_PHASE_STRIP = NO;
				DEBUG_INFORMATION_FORMAT = "dwarf-with-dsym";
				ENABLE_STRICT_OBJC_MSGSEND = YES;
				GCC_C_LANGUAGE_STANDARD = gnu99;
				GCC_DYNAMIC_NO_PIC = NO;
				GCC_NO_COMMON_BLOCKS = YES;
				GCC_OPTIMIZATION_LEVEL = 0;
				GCC_PREPROCESSOR_DEFINITIONS = (
					"DEBUG=1",
					"$(inherited)",
				);
				GCC_SYMBOLS_PRIVATE_EXTERN = NO;
				GCC_WARN_64_TO_32_BIT_CONVERSION = YES;
				GCC_WARN_ABOUT_RETURN_TYPE = YES_ERROR;
				GCC_WARN_UNDECLARED_SELECTOR = YES;
				GCC_WARN_UNINITIALIZED_AUTOS = YES_AGGRESSIVE;
				GCC_WARN_UNUSED_FUNCTION = YES;
				GCC_WARN_UNUSED_VARIABLE = YES;
				IPHONEOS_DEPLOYMENT_TARGET = 8.4;
				MTL_ENABLE_DEBUG_INFO = YES;
				ONLY_ACTIVE_ARCH = YES;
				SDKROOT = iphoneos;
			};
			name = Debug;
		};
		8AB74F911B9551F900B5DAF1 /* Release */ = {
			isa = XCBuildConfiguration;
			buildSettings = {
				ALWAYS_SEARCH_USER_PATHS = NO;
				CLANG_CXX_LANGUAGE_STANDARD = "gnu++0x";
				CLANG_CXX_LIBRARY = "libc++";
				CLANG_ENABLE_MODULES = YES;
				CLANG_ENABLE_OBJC_ARC = YES;
				CLANG_WARN_BOOL_CONVERSION = YES;
				CLANG_WARN_CONSTANT_CONVERSION = YES;
				CLANG_WARN_DIRECT_OBJC_ISA_USAGE = YES_ERROR;
				CLANG_WARN_EMPTY_BODY = YES;
				CLANG_WARN_ENUM_CONVERSION = YES;
				CLANG_WARN_INT_CONVERSION = YES;
				CLANG_WARN_OBJC_ROOT_CLASS = YES_ERROR;
				CLANG_WARN_UNREACHABLE_CODE = YES;
				CLANG_WARN__DUPLICATE_METHOD_MATCH = YES;
				"CODE_SIGN_IDENTITY[sdk=iphoneos*]" = "iPhone Developer";
				COPY_PHASE_STRIP = NO;
				DEBUG_INFORMATION_FORMAT = "dwarf-with-dsym";
				ENABLE_NS_ASSERTIONS = NO;
				ENABLE_STRICT_OBJC_MSGSEND = YES;
				GCC_C_LANGUAGE_STANDARD = gnu99;
				GCC_NO_COMMON_BLOCKS = YES;
				GCC_WARN_64_TO_32_BIT_CONVERSION = YES;
				GCC_WARN_ABOUT_RETURN_TYPE = YES_ERROR;
				GCC_WARN_UNDECLARED_SELECTOR = YES;
				GCC_WARN_UNINITIALIZED_AUTOS = YES_AGGRESSIVE;
				GCC_WARN_UNUSED_FUNCTION = YES;
				GCC_WARN_UNUSED_VARIABLE = YES;
				IPHONEOS_DEPLOYMENT_TARGET = 8.4;
				MTL_ENABLE_DEBUG_INFO = NO;
				SDKROOT = iphoneos;
				VALIDATE_PRODUCT = YES;
			};
			name = Release;
		};
		8AB74F931B9551F900B5DAF1 /* Debug */ = {
			isa = XCBuildConfiguration;
			baseConfigurationReference = 1779C2041DD587699318D3EA /* Pods.debug.xcconfig */;
			buildSettings = {
				ASSETCATALOG_COMPILER_APPICON_NAME = AppIcon;
				ASSETCATALOG_COMPILER_LAUNCHIMAGE_NAME = LaunchImage;
				GCC_PREFIX_HEADER = "YL-百思不得姐/Class/Other-其他/PrefixHeader.pch";
				INFOPLIST_FILE = "YL-百思不得姐/Info.plist";
				LD_RUNPATH_SEARCH_PATHS = "$(inherited) @executable_path/Frameworks";
				PRODUCT_NAME = "$(TARGET_NAME)";
			};
			name = Debug;
		};
		8AB74F941B9551F900B5DAF1 /* Release */ = {
			isa = XCBuildConfiguration;
			baseConfigurationReference = 96648096E66491DBC14AD806 /* Pods.release.xcconfig */;
			buildSettings = {
				ASSETCATALOG_COMPILER_APPICON_NAME = AppIcon;
				ASSETCATALOG_COMPILER_LAUNCHIMAGE_NAME = LaunchImage;
				GCC_PREFIX_HEADER = "YL-百思不得姐/Class/Other-其他/PrefixHeader.pch";
				INFOPLIST_FILE = "YL-百思不得姐/Info.plist";
				LD_RUNPATH_SEARCH_PATHS = "$(inherited) @executable_path/Frameworks";
				PRODUCT_NAME = "$(TARGET_NAME)";
			};
			name = Release;
		};
		8AB74F961B9551F900B5DAF1 /* Debug */ = {
			isa = XCBuildConfiguration;
			buildSettings = {
				BUNDLE_LOADER = "$(TEST_HOST)";
				FRAMEWORK_SEARCH_PATHS = (
					"$(SDKROOT)/Developer/Library/Frameworks",
					"$(inherited)",
				);
				GCC_PREPROCESSOR_DEFINITIONS = (
					"DEBUG=1",
					"$(inherited)",
				);
				INFOPLIST_FILE = "YL-百思不得姐Tests/Info.plist";
				LD_RUNPATH_SEARCH_PATHS = "$(inherited) @executable_path/Frameworks @loader_path/Frameworks";
				PRODUCT_NAME = "$(TARGET_NAME)";
				TEST_HOST = "$(BUILT_PRODUCTS_DIR)/YL-百思不得姐.app/YL-百思不得姐";
			};
			name = Debug;
		};
		8AB74F971B9551F900B5DAF1 /* Release */ = {
			isa = XCBuildConfiguration;
			buildSettings = {
				BUNDLE_LOADER = "$(TEST_HOST)";
				FRAMEWORK_SEARCH_PATHS = (
					"$(SDKROOT)/Developer/Library/Frameworks",
					"$(inherited)",
				);
				INFOPLIST_FILE = "YL-百思不得姐Tests/Info.plist";
				LD_RUNPATH_SEARCH_PATHS = "$(inherited) @executable_path/Frameworks @loader_path/Frameworks";
				PRODUCT_NAME = "$(TARGET_NAME)";
				TEST_HOST = "$(BUILT_PRODUCTS_DIR)/YL-百思不得姐.app/YL-百思不得姐";
			};
			name = Release;
		};
/* End XCBuildConfiguration section */

/* Begin XCConfigurationList section */
		8AB74F6A1B9551F900B5DAF1 /* Build configuration list for PBXProject "YL-百思不得姐" */ = {
			isa = XCConfigurationList;
			buildConfigurations = (
				8AB74F901B9551F900B5DAF1 /* Debug */,
				8AB74F911B9551F900B5DAF1 /* Release */,
			);
			defaultConfigurationIsVisible = 0;
			defaultConfigurationName = Release;
		};
		8AB74F921B9551F900B5DAF1 /* Build configuration list for PBXNativeTarget "YL-百思不得姐" */ = {
			isa = XCConfigurationList;
			buildConfigurations = (
				8AB74F931B9551F900B5DAF1 /* Debug */,
				8AB74F941B9551F900B5DAF1 /* Release */,
			);
			defaultConfigurationIsVisible = 0;
			defaultConfigurationName = Release;
		};
		8AB74F951B9551F900B5DAF1 /* Build configuration list for PBXNativeTarget "YL-百思不得姐Tests" */ = {
			isa = XCConfigurationList;
			buildConfigurations = (
				8AB74F961B9551F900B5DAF1 /* Debug */,
				8AB74F971B9551F900B5DAF1 /* Release */,
			);
			defaultConfigurationIsVisible = 0;
			defaultConfigurationName = Release;
		};
/* End XCConfigurationList section */
	};
	rootObject = 8AB74F671B9551F900B5DAF1 /* Project object */;
}
